// !$*UTF8*$!
{
	archiveVersion = 1;
	classes = {
	};
	objectVersion = 56;
	objects = {

/* Begin PBXBuildFile section */
		1068485B2A36E2E100BFB309 /* SpeechBubble.swift in Sources */ = {isa = PBXBuildFile; fileRef = 1068485A2A36E2E100BFB309 /* SpeechBubble.swift */; };
		4397B2912A36B89B00FB5BCA /* DangerInfoGroup.swift in Sources */ = {isa = PBXBuildFile; fileRef = 4397B2902A36B89B00FB5BCA /* DangerInfoGroup.swift */; };
		6099D7C82A310623004A49D1 /* Haptics.swift in Sources */ = {isa = PBXBuildFile; fileRef = 6099D7C62A310623004A49D1 /* Haptics.swift */; };
		6099D7C92A310623004A49D1 /* HKHelper.swift in Sources */ = {isa = PBXBuildFile; fileRef = 6099D7C72A310623004A49D1 /* HKHelper.swift */; };
		6099D7CF2A3106AC004A49D1 /* Workout.swift in Sources */ = {isa = PBXBuildFile; fileRef = 6099D7CA2A3106AC004A49D1 /* Workout.swift */; };
		6099D7D02A3106AC004A49D1 /* WorkoutViewModel.swift in Sources */ = {isa = PBXBuildFile; fileRef = 6099D7CB2A3106AC004A49D1 /* WorkoutViewModel.swift */; };
		6099D7D12A3106AC004A49D1 /* MyMapError.swift in Sources */ = {isa = PBXBuildFile; fileRef = 6099D7CC2A3106AC004A49D1 /* MyMapError.swift */; };
		6099D7D22A3106AC004A49D1 /* WorkoutFilter.swift in Sources */ = {isa = PBXBuildFile; fileRef = 6099D7CD2A3106AC004A49D1 /* WorkoutFilter.swift */; };
		6099D7D32A3106AC004A49D1 /* WorkoutType.swift in Sources */ = {isa = PBXBuildFile; fileRef = 6099D7CE2A3106AC004A49D1 /* WorkoutType.swift */; };
		6099D7D72A310928004A49D1 /* CLLocation.swift in Sources */ = {isa = PBXBuildFile; fileRef = 6099D7D42A310928004A49D1 /* CLLocation.swift */; };
		6099D7D82A310928004A49D1 /* CLLocationCoordinate2D.swift in Sources */ = {isa = PBXBuildFile; fileRef = 6099D7D52A310928004A49D1 /* CLLocationCoordinate2D.swift */; };
		6099D7D92A310928004A49D1 /* Date.swift in Sources */ = {isa = PBXBuildFile; fileRef = 6099D7D62A310928004A49D1 /* Date.swift */; };
		6099D7E42A3109AA004A49D1 /* MapView.swift in Sources */ = {isa = PBXBuildFile; fileRef = 6099D7DB2A3109AA004A49D1 /* MapView.swift */; };
		6099D7E52A3109AA004A49D1 /* WorkoutBar.swift in Sources */ = {isa = PBXBuildFile; fileRef = 6099D7DC2A3109AA004A49D1 /* WorkoutBar.swift */; };
		6099D7E62A3109AA004A49D1 /* View.swift in Sources */ = {isa = PBXBuildFile; fileRef = 6099D7DE2A3109AA004A49D1 /* View.swift */; };
		6099D7E72A3109AA004A49D1 /* InfoView.swift in Sources */ = {isa = PBXBuildFile; fileRef = 6099D7DF2A3109AA004A49D1 /* InfoView.swift */; };
		6099D7E82A3109AA004A49D1 /* RunListView.swift in Sources */ = {isa = PBXBuildFile; fileRef = 6099D7E02A3109AA004A49D1 /* RunListView.swift */; };
		6099D7E92A3109AA004A49D1 /* PermissionView.swift in Sources */ = {isa = PBXBuildFile; fileRef = 6099D7E12A3109AA004A49D1 /* PermissionView.swift */; };
		6099D7EA2A3109AA004A49D1 /* Blur.swift in Sources */ = {isa = PBXBuildFile; fileRef = 6099D7E22A3109AA004A49D1 /* Blur.swift */; };
		6099D7EC2A3109C8004A49D1 /* RootView.swift in Sources */ = {isa = PBXBuildFile; fileRef = 6099D7EB2A3109C8004A49D1 /* RootView.swift */; };
		60B9B6102A2D7F3300032504 /* MainRunningView.swift in Sources */ = {isa = PBXBuildFile; fileRef = 60B9B60F2A2D7F3300032504 /* MainRunningView.swift */; };
		60E6CE562A29E98300312357 /* CustomCameraView.swift in Sources */ = {isa = PBXBuildFile; fileRef = 60E6CE552A29E98300312357 /* CustomCameraView.swift */; };
		60E6CE582A29EA1200312357 /* CameraModel.swift in Sources */ = {isa = PBXBuildFile; fileRef = 60E6CE572A29EA1200312357 /* CameraModel.swift */; };
		60E6CE5A2A29EA6B00312357 /* CameraViewModel.swift in Sources */ = {isa = PBXBuildFile; fileRef = 60E6CE592A29EA6B00312357 /* CameraViewModel.swift */; };
		60E6CE5C2A29EBDE00312357 /* ReportSubmitView.swift in Sources */ = {isa = PBXBuildFile; fileRef = 60E6CE5B2A29EBDE00312357 /* ReportSubmitView.swift */; };
		60E6CE5E2A2A4C5C00312357 /* RunEndView.swift in Sources */ = {isa = PBXBuildFile; fileRef = 60E6CE5D2A2A4C5C00312357 /* RunEndView.swift */; };
		7805F3392A2C65A40071AB01 /* PlaceMO.swift in Sources */ = {isa = PBXBuildFile; fileRef = 7805F3382A2C65A40071AB01 /* PlaceMO.swift */; };
		7805F33B2A2C65EC0071AB01 /* PlaceAnnotationView.swift in Sources */ = {isa = PBXBuildFile; fileRef = 7805F33A2A2C65EC0071AB01 /* PlaceAnnotationView.swift */; };
		7805F33D2A2C66BF0071AB01 /* CustomMapView.swift in Sources */ = {isa = PBXBuildFile; fileRef = 7805F33C2A2C66BF0071AB01 /* CustomMapView.swift */; };
		7805F33F2A2C67730071AB01 /* TopProfileView.swift in Sources */ = {isa = PBXBuildFile; fileRef = 7805F33E2A2C67730071AB01 /* TopProfileView.swift */; };
		7805F3412A2C6B9D0071AB01 /* MintSystemImageLabelStyle.swift in Sources */ = {isa = PBXBuildFile; fileRef = 7805F3402A2C6B9D0071AB01 /* MintSystemImageLabelStyle.swift */; };
		780F9A1F2A28599D00B715BD /* MainMapView.swift in Sources */ = {isa = PBXBuildFile; fileRef = 780F9A1E2A28599D00B715BD /* MainMapView.swift */; };
		780F9A212A2859A500B715BD /* MainRunView.swift in Sources */ = {isa = PBXBuildFile; fileRef = 780F9A202A2859A500B715BD /* MainRunView.swift */; };
		78123B312A288C9C0060BA4F /* LocationDataManager.swift in Sources */ = {isa = PBXBuildFile; fileRef = 78123B302A288C9C0060BA4F /* LocationDataManager.swift */; };
		7812A9882A29D41F00D20EAF /* SF-Pro-Text-BlackItalic.otf in Resources */ = {isa = PBXBuildFile; fileRef = 7812A9872A29D41F00D20EAF /* SF-Pro-Text-BlackItalic.otf */; };
		7812A98A2A29D5F500D20EAF /* BlueSystemImageLabelStyle.swift in Sources */ = {isa = PBXBuildFile; fileRef = 7812A9892A29D5F500D20EAF /* BlueSystemImageLabelStyle.swift */; };
		78182A852A30B40E0037B54F /* LoginView.swift in Sources */ = {isa = PBXBuildFile; fileRef = 78182A842A30B40E0037B54F /* LoginView.swift */; };
		781D10BB2A2CC7BA00107D79 /* RunningEndView.swift in Sources */ = {isa = PBXBuildFile; fileRef = 781D10BA2A2CC7BA00107D79 /* RunningEndView.swift */; };
		7846157E2A2CAA8100C83C89 /* StartView.swift in Sources */ = {isa = PBXBuildFile; fileRef = 7846157D2A2CAA8100C83C89 /* StartView.swift */; };
		7846157F2A2CACB500C83C89 /* ColorExtension.swift in Sources */ = {isa = PBXBuildFile; fileRef = 78F210AA2A2758DF00915FCD /* ColorExtension.swift */; };
		784615812A2CB26200C83C89 /* RunningView.swift in Sources */ = {isa = PBXBuildFile; fileRef = 784615802A2CB26200C83C89 /* RunningView.swift */; };
		784615832A2CB8E200C83C89 /* ReportView.swift in Sources */ = {isa = PBXBuildFile; fileRef = 784615822A2CB8E200C83C89 /* ReportView.swift */; };
		784615852A2CB8F700C83C89 /* RunningTimeView.swift in Sources */ = {isa = PBXBuildFile; fileRef = 784615842A2CB8F700C83C89 /* RunningTimeView.swift */; };
		786B24492A2D983F0048013C /* Assets.xcassets in Resources */ = {isa = PBXBuildFile; fileRef = 78F734BA2A27284C002AAE1A /* Assets.xcassets */; };
		786B244B2A2DA0820048013C /* RunningResultView.swift in Sources */ = {isa = PBXBuildFile; fileRef = 786B244A2A2DA0820048013C /* RunningResultView.swift */; };
		786B244D2A2DA4CD0048013C /* watchBackButton.swift in Sources */ = {isa = PBXBuildFile; fileRef = 786B244C2A2DA4CD0048013C /* watchBackButton.swift */; };
		786DFC402A37066C00368AA5 /* WatchLocationManager.swift in Sources */ = {isa = PBXBuildFile; fileRef = 786DFC3F2A37066C00368AA5 /* WatchLocationManager.swift */; };
		7885013F2A2C3B0400932C42 /* SeSACTHON_WatchApp.swift in Sources */ = {isa = PBXBuildFile; fileRef = 7885013E2A2C3B0400932C42 /* SeSACTHON_WatchApp.swift */; };
		788501462A2C3B0500932C42 /* Preview Assets.xcassets in Resources */ = {isa = PBXBuildFile; fileRef = 788501452A2C3B0500932C42 /* Preview Assets.xcassets */; };
		788501492A2C3B0500932C42 /* SeSACTHON_Watch Watch App.app in Embed Watch Content */ = {isa = PBXBuildFile; fileRef = 7885013C2A2C3B0400932C42 /* SeSACTHON_Watch Watch App.app */; settings = {ATTRIBUTES = (RemoveHeadersOnCopy, ); }; };
		7885014E2A2C3B4A00932C42 /* SF-Pro-Text-BlackItalic.otf in Resources */ = {isa = PBXBuildFile; fileRef = 7812A9872A29D41F00D20EAF /* SF-Pro-Text-BlackItalic.otf */; };
		7885014F2A2C3B6100932C42 /* FontExtension.swift in Sources */ = {isa = PBXBuildFile; fileRef = 78F210AC2A27595400915FCD /* FontExtension.swift */; };
		789866B62A2DC02A00CA4722 /* HomeView.swift in Sources */ = {isa = PBXBuildFile; fileRef = 789866B52A2DC02A00CA4722 /* HomeView.swift */; };
		7898F0362A2F102A00B677A2 /* YoutubeView.swift in Sources */ = {isa = PBXBuildFile; fileRef = 7898F0352A2F102A00B677A2 /* YoutubeView.swift */; };
		7898F03A2A2F128300B677A2 /* ProfileView.swift in Sources */ = {isa = PBXBuildFile; fileRef = 7898F0392A2F128300B677A2 /* ProfileView.swift */; };
		78C6A4EF2A31C913007F9239 /* RunningInfo.swift in Sources */ = {isa = PBXBuildFile; fileRef = 78C6A4EB2A31C913007F9239 /* RunningInfo.swift */; };
		78C6A4F12A31C913007F9239 /* MemberMO.swift in Sources */ = {isa = PBXBuildFile; fileRef = 78C6A4ED2A31C913007F9239 /* MemberMO.swift */; };
		78C6A4F22A31C913007F9239 /* DangerInfoMO.swift in Sources */ = {isa = PBXBuildFile; fileRef = 78C6A4EE2A31C913007F9239 /* DangerInfoMO.swift */; };
		78D01C9B2A29F87600240004 /* ViewExtension.swift in Sources */ = {isa = PBXBuildFile; fileRef = 78D01C9A2A29F87600240004 /* ViewExtension.swift */; };
		78D01C9D2A29F8AA00240004 /* RoundedCorner.swift in Sources */ = {isa = PBXBuildFile; fileRef = 78D01C9C2A29F8AA00240004 /* RoundedCorner.swift */; };
		78D01CA32A2A095C00240004 /* CurrentLocationMO.swift in Sources */ = {isa = PBXBuildFile; fileRef = 78D01CA22A2A095C00240004 /* CurrentLocationMO.swift */; };
		78DCF7452A3619FA00984866 /* SUImagePicker.swift in Sources */ = {isa = PBXBuildFile; fileRef = 78DCF7442A3619FA00984866 /* SUImagePicker.swift */; };
		78F210AB2A2758DF00915FCD /* ColorExtension.swift in Sources */ = {isa = PBXBuildFile; fileRef = 78F210AA2A2758DF00915FCD /* ColorExtension.swift */; };
		78F210AD2A27595400915FCD /* FontExtension.swift in Sources */ = {isa = PBXBuildFile; fileRef = 78F210AC2A27595400915FCD /* FontExtension.swift */; };
		78F734B72A27284C002AAE1A /* SeSACTHON_AppApp.swift in Sources */ = {isa = PBXBuildFile; fileRef = 78F734B62A27284C002AAE1A /* SeSACTHON_AppApp.swift */; };
		78F734BB2A27284C002AAE1A /* Assets.xcassets in Resources */ = {isa = PBXBuildFile; fileRef = 78F734BA2A27284C002AAE1A /* Assets.xcassets */; };
		78F734BE2A27284C002AAE1A /* Preview Assets.xcassets in Resources */ = {isa = PBXBuildFile; fileRef = 78F734BD2A27284C002AAE1A /* Preview Assets.xcassets */; };
		8C578766339D51D87370E94C /* Pods_SeSACTHON_Watch_Watch_App.framework in Frameworks */ = {isa = PBXBuildFile; fileRef = CE78AD10B92DA859ADCD9E01 /* Pods_SeSACTHON_Watch_Watch_App.framework */; };
		D59185AFF5D2AE7022381579 /* Pods_SeSACTHON_App.framework in Frameworks */ = {isa = PBXBuildFile; fileRef = 886FF94F59C000F3C5A89E3A /* Pods_SeSACTHON_App.framework */; };
/* End PBXBuildFile section */

/* Begin PBXContainerItemProxy section */
		788501472A2C3B0500932C42 /* PBXContainerItemProxy */ = {
			isa = PBXContainerItemProxy;
			containerPortal = 78F734AB2A27284B002AAE1A /* Project object */;
			proxyType = 1;
			remoteGlobalIDString = 7885013B2A2C3B0400932C42;
			remoteInfo = "SeSACTHON_Watch Watch App";
		};
/* End PBXContainerItemProxy section */

/* Begin PBXCopyFilesBuildPhase section */
		7885014D2A2C3B0500932C42 /* Embed Watch Content */ = {
			isa = PBXCopyFilesBuildPhase;
			buildActionMask = 2147483647;
			dstPath = "$(CONTENTS_FOLDER_PATH)/Watch";
			dstSubfolderSpec = 16;
			files = (
				788501492A2C3B0500932C42 /* SeSACTHON_Watch Watch App.app in Embed Watch Content */,
			);
			name = "Embed Watch Content";
			runOnlyForDeploymentPostprocessing = 0;
		};
/* End PBXCopyFilesBuildPhase section */

/* Begin PBXFileReference section */
		1068485A2A36E2E100BFB309 /* SpeechBubble.swift */ = {isa = PBXFileReference; lastKnownFileType = sourcecode.swift; path = SpeechBubble.swift; sourceTree = "<group>"; };
		434AFC65124216A26E8B86EB /* Pods-SeSACTHON_App.release.xcconfig */ = {isa = PBXFileReference; includeInIndex = 1; lastKnownFileType = text.xcconfig; name = "Pods-SeSACTHON_App.release.xcconfig"; path = "Target Support Files/Pods-SeSACTHON_App/Pods-SeSACTHON_App.release.xcconfig"; sourceTree = "<group>"; };
		4397B2902A36B89B00FB5BCA /* DangerInfoGroup.swift */ = {isa = PBXFileReference; lastKnownFileType = sourcecode.swift; path = DangerInfoGroup.swift; sourceTree = "<group>"; };
		60817E7A2A362F8000B5C3A6 /* SeSACTHON-Watch-Watch-App-Info.plist */ = {isa = PBXFileReference; lastKnownFileType = text.plist; path = "SeSACTHON-Watch-Watch-App-Info.plist"; sourceTree = SOURCE_ROOT; };
		6099D7C62A310623004A49D1 /* Haptics.swift */ = {isa = PBXFileReference; fileEncoding = 4; lastKnownFileType = sourcecode.swift; path = Haptics.swift; sourceTree = "<group>"; };
		6099D7C72A310623004A49D1 /* HKHelper.swift */ = {isa = PBXFileReference; fileEncoding = 4; lastKnownFileType = sourcecode.swift; path = HKHelper.swift; sourceTree = "<group>"; };
		6099D7CA2A3106AC004A49D1 /* Workout.swift */ = {isa = PBXFileReference; fileEncoding = 4; lastKnownFileType = sourcecode.swift; path = Workout.swift; sourceTree = "<group>"; };
		6099D7CB2A3106AC004A49D1 /* WorkoutViewModel.swift */ = {isa = PBXFileReference; fileEncoding = 4; lastKnownFileType = sourcecode.swift; path = WorkoutViewModel.swift; sourceTree = "<group>"; };
		6099D7CC2A3106AC004A49D1 /* MyMapError.swift */ = {isa = PBXFileReference; fileEncoding = 4; lastKnownFileType = sourcecode.swift; path = MyMapError.swift; sourceTree = "<group>"; };
		6099D7CD2A3106AC004A49D1 /* WorkoutFilter.swift */ = {isa = PBXFileReference; fileEncoding = 4; lastKnownFileType = sourcecode.swift; path = WorkoutFilter.swift; sourceTree = "<group>"; };
		6099D7CE2A3106AC004A49D1 /* WorkoutType.swift */ = {isa = PBXFileReference; fileEncoding = 4; lastKnownFileType = sourcecode.swift; path = WorkoutType.swift; sourceTree = "<group>"; };
		6099D7D42A310928004A49D1 /* CLLocation.swift */ = {isa = PBXFileReference; fileEncoding = 4; lastKnownFileType = sourcecode.swift; path = CLLocation.swift; sourceTree = "<group>"; };
		6099D7D52A310928004A49D1 /* CLLocationCoordinate2D.swift */ = {isa = PBXFileReference; fileEncoding = 4; lastKnownFileType = sourcecode.swift; path = CLLocationCoordinate2D.swift; sourceTree = "<group>"; };
		6099D7D62A310928004A49D1 /* Date.swift */ = {isa = PBXFileReference; fileEncoding = 4; lastKnownFileType = sourcecode.swift; path = Date.swift; sourceTree = "<group>"; };
		6099D7DB2A3109AA004A49D1 /* MapView.swift */ = {isa = PBXFileReference; fileEncoding = 4; lastKnownFileType = sourcecode.swift; path = MapView.swift; sourceTree = "<group>"; };
		6099D7DC2A3109AA004A49D1 /* WorkoutBar.swift */ = {isa = PBXFileReference; fileEncoding = 4; lastKnownFileType = sourcecode.swift; path = WorkoutBar.swift; sourceTree = "<group>"; };
		6099D7DE2A3109AA004A49D1 /* View.swift */ = {isa = PBXFileReference; fileEncoding = 4; lastKnownFileType = sourcecode.swift; path = View.swift; sourceTree = "<group>"; };
		6099D7DF2A3109AA004A49D1 /* InfoView.swift */ = {isa = PBXFileReference; fileEncoding = 4; lastKnownFileType = sourcecode.swift; path = InfoView.swift; sourceTree = "<group>"; };
		6099D7E02A3109AA004A49D1 /* RunListView.swift */ = {isa = PBXFileReference; fileEncoding = 4; lastKnownFileType = sourcecode.swift; path = RunListView.swift; sourceTree = "<group>"; };
		6099D7E12A3109AA004A49D1 /* PermissionView.swift */ = {isa = PBXFileReference; fileEncoding = 4; lastKnownFileType = sourcecode.swift; path = PermissionView.swift; sourceTree = "<group>"; };
		6099D7E22A3109AA004A49D1 /* Blur.swift */ = {isa = PBXFileReference; fileEncoding = 4; lastKnownFileType = sourcecode.swift; path = Blur.swift; sourceTree = "<group>"; };
		6099D7EB2A3109C8004A49D1 /* RootView.swift */ = {isa = PBXFileReference; fileEncoding = 4; lastKnownFileType = sourcecode.swift; path = RootView.swift; sourceTree = "<group>"; };
		60B9B60E2A2D7DFB00032504 /* SeSACTHON_App.entitlements */ = {isa = PBXFileReference; lastKnownFileType = text.plist.entitlements; path = SeSACTHON_App.entitlements; sourceTree = "<group>"; };
		60B9B60F2A2D7F3300032504 /* MainRunningView.swift */ = {isa = PBXFileReference; lastKnownFileType = sourcecode.swift; path = MainRunningView.swift; sourceTree = "<group>"; };
		60E6CE552A29E98300312357 /* CustomCameraView.swift */ = {isa = PBXFileReference; lastKnownFileType = sourcecode.swift; path = CustomCameraView.swift; sourceTree = "<group>"; };
		60E6CE572A29EA1200312357 /* CameraModel.swift */ = {isa = PBXFileReference; lastKnownFileType = sourcecode.swift; path = CameraModel.swift; sourceTree = "<group>"; };
		60E6CE592A29EA6B00312357 /* CameraViewModel.swift */ = {isa = PBXFileReference; lastKnownFileType = sourcecode.swift; path = CameraViewModel.swift; sourceTree = "<group>"; };
		60E6CE5B2A29EBDE00312357 /* ReportSubmitView.swift */ = {isa = PBXFileReference; lastKnownFileType = sourcecode.swift; path = ReportSubmitView.swift; sourceTree = "<group>"; };
		60E6CE5D2A2A4C5C00312357 /* RunEndView.swift */ = {isa = PBXFileReference; lastKnownFileType = sourcecode.swift; path = RunEndView.swift; sourceTree = "<group>"; };
		72F2550A3061B07BBD30FBFD /* Pods-SeSACTHON_App.debug.xcconfig */ = {isa = PBXFileReference; includeInIndex = 1; lastKnownFileType = text.xcconfig; name = "Pods-SeSACTHON_App.debug.xcconfig"; path = "Target Support Files/Pods-SeSACTHON_App/Pods-SeSACTHON_App.debug.xcconfig"; sourceTree = "<group>"; };
		7805F3382A2C65A40071AB01 /* PlaceMO.swift */ = {isa = PBXFileReference; lastKnownFileType = sourcecode.swift; path = PlaceMO.swift; sourceTree = "<group>"; };
		7805F33A2A2C65EC0071AB01 /* PlaceAnnotationView.swift */ = {isa = PBXFileReference; lastKnownFileType = sourcecode.swift; path = PlaceAnnotationView.swift; sourceTree = "<group>"; };
		7805F33C2A2C66BF0071AB01 /* CustomMapView.swift */ = {isa = PBXFileReference; lastKnownFileType = sourcecode.swift; path = CustomMapView.swift; sourceTree = "<group>"; };
		7805F33E2A2C67730071AB01 /* TopProfileView.swift */ = {isa = PBXFileReference; lastKnownFileType = sourcecode.swift; path = TopProfileView.swift; sourceTree = "<group>"; };
		7805F3402A2C6B9D0071AB01 /* MintSystemImageLabelStyle.swift */ = {isa = PBXFileReference; lastKnownFileType = sourcecode.swift; path = MintSystemImageLabelStyle.swift; sourceTree = "<group>"; };
		780F9A1E2A28599D00B715BD /* MainMapView.swift */ = {isa = PBXFileReference; lastKnownFileType = sourcecode.swift; path = MainMapView.swift; sourceTree = "<group>"; };
		780F9A202A2859A500B715BD /* MainRunView.swift */ = {isa = PBXFileReference; lastKnownFileType = sourcecode.swift; path = MainRunView.swift; sourceTree = "<group>"; };
		78123B302A288C9C0060BA4F /* LocationDataManager.swift */ = {isa = PBXFileReference; lastKnownFileType = sourcecode.swift; path = LocationDataManager.swift; sourceTree = "<group>"; };
		7812A9872A29D41F00D20EAF /* SF-Pro-Text-BlackItalic.otf */ = {isa = PBXFileReference; lastKnownFileType = file; path = "SF-Pro-Text-BlackItalic.otf"; sourceTree = "<group>"; };
		7812A9892A29D5F500D20EAF /* BlueSystemImageLabelStyle.swift */ = {isa = PBXFileReference; lastKnownFileType = sourcecode.swift; path = BlueSystemImageLabelStyle.swift; sourceTree = "<group>"; };
		78182A842A30B40E0037B54F /* LoginView.swift */ = {isa = PBXFileReference; lastKnownFileType = sourcecode.swift; path = LoginView.swift; sourceTree = "<group>"; };
		781D10BA2A2CC7BA00107D79 /* RunningEndView.swift */ = {isa = PBXFileReference; lastKnownFileType = sourcecode.swift; path = RunningEndView.swift; sourceTree = "<group>"; };
		7821723C2A28732100D981DC /* SeSACTHON-App-Info.plist */ = {isa = PBXFileReference; lastKnownFileType = text.plist; path = "SeSACTHON-App-Info.plist"; sourceTree = SOURCE_ROOT; };
		7846157D2A2CAA8100C83C89 /* StartView.swift */ = {isa = PBXFileReference; lastKnownFileType = sourcecode.swift; path = StartView.swift; sourceTree = "<group>"; };
		784615802A2CB26200C83C89 /* RunningView.swift */ = {isa = PBXFileReference; lastKnownFileType = sourcecode.swift; path = RunningView.swift; sourceTree = "<group>"; };
		784615822A2CB8E200C83C89 /* ReportView.swift */ = {isa = PBXFileReference; lastKnownFileType = sourcecode.swift; path = ReportView.swift; sourceTree = "<group>"; };
		784615842A2CB8F700C83C89 /* RunningTimeView.swift */ = {isa = PBXFileReference; lastKnownFileType = sourcecode.swift; path = RunningTimeView.swift; sourceTree = "<group>"; };
		786B244A2A2DA0820048013C /* RunningResultView.swift */ = {isa = PBXFileReference; lastKnownFileType = sourcecode.swift; path = RunningResultView.swift; sourceTree = "<group>"; };
		786B244C2A2DA4CD0048013C /* watchBackButton.swift */ = {isa = PBXFileReference; lastKnownFileType = sourcecode.swift; path = watchBackButton.swift; sourceTree = "<group>"; };
		786DFC3F2A37066C00368AA5 /* WatchLocationManager.swift */ = {isa = PBXFileReference; lastKnownFileType = sourcecode.swift; path = WatchLocationManager.swift; sourceTree = "<group>"; };
		7885013C2A2C3B0400932C42 /* SeSACTHON_Watch Watch App.app */ = {isa = PBXFileReference; explicitFileType = wrapper.application; includeInIndex = 0; path = "SeSACTHON_Watch Watch App.app"; sourceTree = BUILT_PRODUCTS_DIR; };
		7885013E2A2C3B0400932C42 /* SeSACTHON_WatchApp.swift */ = {isa = PBXFileReference; lastKnownFileType = sourcecode.swift; path = SeSACTHON_WatchApp.swift; sourceTree = "<group>"; };
		788501452A2C3B0500932C42 /* Preview Assets.xcassets */ = {isa = PBXFileReference; lastKnownFileType = folder.assetcatalog; path = "Preview Assets.xcassets"; sourceTree = "<group>"; };
		789866B52A2DC02A00CA4722 /* HomeView.swift */ = {isa = PBXFileReference; lastKnownFileType = sourcecode.swift; path = HomeView.swift; sourceTree = "<group>"; };
		7898F0352A2F102A00B677A2 /* YoutubeView.swift */ = {isa = PBXFileReference; lastKnownFileType = sourcecode.swift; path = YoutubeView.swift; sourceTree = "<group>"; };
		7898F0392A2F128300B677A2 /* ProfileView.swift */ = {isa = PBXFileReference; lastKnownFileType = sourcecode.swift; path = ProfileView.swift; sourceTree = "<group>"; };
		78C6A4EB2A31C913007F9239 /* RunningInfo.swift */ = {isa = PBXFileReference; fileEncoding = 4; lastKnownFileType = sourcecode.swift; path = RunningInfo.swift; sourceTree = "<group>"; };
		78C6A4ED2A31C913007F9239 /* MemberMO.swift */ = {isa = PBXFileReference; fileEncoding = 4; lastKnownFileType = sourcecode.swift; path = MemberMO.swift; sourceTree = "<group>"; };
		78C6A4EE2A31C913007F9239 /* DangerInfoMO.swift */ = {isa = PBXFileReference; fileEncoding = 4; lastKnownFileType = sourcecode.swift; path = DangerInfoMO.swift; sourceTree = "<group>"; };
		78D01C9A2A29F87600240004 /* ViewExtension.swift */ = {isa = PBXFileReference; lastKnownFileType = sourcecode.swift; path = ViewExtension.swift; sourceTree = "<group>"; };
		78D01C9C2A29F8AA00240004 /* RoundedCorner.swift */ = {isa = PBXFileReference; lastKnownFileType = sourcecode.swift; path = RoundedCorner.swift; sourceTree = "<group>"; };
		78D01CA22A2A095C00240004 /* CurrentLocationMO.swift */ = {isa = PBXFileReference; lastKnownFileType = sourcecode.swift; path = CurrentLocationMO.swift; sourceTree = "<group>"; };
		78DCF7442A3619FA00984866 /* SUImagePicker.swift */ = {isa = PBXFileReference; lastKnownFileType = sourcecode.swift; path = SUImagePicker.swift; sourceTree = "<group>"; };
		78F210AA2A2758DF00915FCD /* ColorExtension.swift */ = {isa = PBXFileReference; lastKnownFileType = sourcecode.swift; path = ColorExtension.swift; sourceTree = "<group>"; };
		78F210AC2A27595400915FCD /* FontExtension.swift */ = {isa = PBXFileReference; lastKnownFileType = sourcecode.swift; path = FontExtension.swift; sourceTree = "<group>"; };
		78F734B32A27284C002AAE1A /* SeSACTHON_App.app */ = {isa = PBXFileReference; explicitFileType = wrapper.application; includeInIndex = 0; path = SeSACTHON_App.app; sourceTree = BUILT_PRODUCTS_DIR; };
		78F734B62A27284C002AAE1A /* SeSACTHON_AppApp.swift */ = {isa = PBXFileReference; lastKnownFileType = sourcecode.swift; path = SeSACTHON_AppApp.swift; sourceTree = "<group>"; };
		78F734BA2A27284C002AAE1A /* Assets.xcassets */ = {isa = PBXFileReference; lastKnownFileType = folder.assetcatalog; path = Assets.xcassets; sourceTree = "<group>"; };
		78F734BD2A27284C002AAE1A /* Preview Assets.xcassets */ = {isa = PBXFileReference; lastKnownFileType = folder.assetcatalog; path = "Preview Assets.xcassets"; sourceTree = "<group>"; };
		7F861B500E1B1ABF71F84B41 /* Pods-SeSACTHON_Watch Watch App.release.xcconfig */ = {isa = PBXFileReference; includeInIndex = 1; lastKnownFileType = text.xcconfig; name = "Pods-SeSACTHON_Watch Watch App.release.xcconfig"; path = "Target Support Files/Pods-SeSACTHON_Watch Watch App/Pods-SeSACTHON_Watch Watch App.release.xcconfig"; sourceTree = "<group>"; };
		886FF94F59C000F3C5A89E3A /* Pods_SeSACTHON_App.framework */ = {isa = PBXFileReference; explicitFileType = wrapper.framework; includeInIndex = 0; path = Pods_SeSACTHON_App.framework; sourceTree = BUILT_PRODUCTS_DIR; };
		CE78AD10B92DA859ADCD9E01 /* Pods_SeSACTHON_Watch_Watch_App.framework */ = {isa = PBXFileReference; explicitFileType = wrapper.framework; includeInIndex = 0; path = Pods_SeSACTHON_Watch_Watch_App.framework; sourceTree = BUILT_PRODUCTS_DIR; };
		D5FB6E6FE3AC4E17C328CDD4 /* Pods-SeSACTHON_Watch Watch App.debug.xcconfig */ = {isa = PBXFileReference; includeInIndex = 1; lastKnownFileType = text.xcconfig; name = "Pods-SeSACTHON_Watch Watch App.debug.xcconfig"; path = "Target Support Files/Pods-SeSACTHON_Watch Watch App/Pods-SeSACTHON_Watch Watch App.debug.xcconfig"; sourceTree = "<group>"; };
/* End PBXFileReference section */

/* Begin PBXFrameworksBuildPhase section */
		788501392A2C3B0400932C42 /* Frameworks */ = {
			isa = PBXFrameworksBuildPhase;
			buildActionMask = 2147483647;
			files = (
				8C578766339D51D87370E94C /* Pods_SeSACTHON_Watch_Watch_App.framework in Frameworks */,
			);
			runOnlyForDeploymentPostprocessing = 0;
		};
		78F734B02A27284B002AAE1A /* Frameworks */ = {
			isa = PBXFrameworksBuildPhase;
			buildActionMask = 2147483647;
			files = (
				D59185AFF5D2AE7022381579 /* Pods_SeSACTHON_App.framework in Frameworks */,
			);
			runOnlyForDeploymentPostprocessing = 0;
		};
/* End PBXFrameworksBuildPhase section */

/* Begin PBXGroup section */
		22D1DD01A52F84A62B01E4D6 /* Frameworks */ = {
			isa = PBXGroup;
			children = (
				886FF94F59C000F3C5A89E3A /* Pods_SeSACTHON_App.framework */,
				CE78AD10B92DA859ADCD9E01 /* Pods_SeSACTHON_Watch_Watch_App.framework */,
			);
			name = Frameworks;
			sourceTree = "<group>";
		};
		3EEF771B45A7D15201C5742E /* Pods */ = {
			isa = PBXGroup;
			children = (
				72F2550A3061B07BBD30FBFD /* Pods-SeSACTHON_App.debug.xcconfig */,
				7F861B500E1B1ABF71F84B41 /* Pods-SeSACTHON_Watch Watch App.release.xcconfig */,
				434AFC65124216A26E8B86EB /* Pods-SeSACTHON_App.release.xcconfig */,
				D5FB6E6FE3AC4E17C328CDD4 /* Pods-SeSACTHON_Watch Watch App.debug.xcconfig */,
			);
			path = Pods;
			sourceTree = "<group>";
		};
		6099D7DD2A3109AA004A49D1 /* Extra */ = {
			isa = PBXGroup;
			children = (
				6099D7DE2A3109AA004A49D1 /* View.swift */,
				6099D7DF2A3109AA004A49D1 /* InfoView.swift */,
				6099D7E02A3109AA004A49D1 /* RunListView.swift */,
				6099D7E12A3109AA004A49D1 /* PermissionView.swift */,
				6099D7E22A3109AA004A49D1 /* Blur.swift */,
			);
			path = Extra;
			sourceTree = "<group>";
		};
		60B9B6172A2D81ED00032504 /* Utilities */ = {
			isa = PBXGroup;
			children = (
				6099D7C62A310623004A49D1 /* Haptics.swift */,
				6099D7C72A310623004A49D1 /* HKHelper.swift */,
			);
			path = Utilities;
			sourceTree = "<group>";
		};
		7885013D2A2C3B0400932C42 /* SeSACTHON_Watch Watch App */ = {
			isa = PBXGroup;
			children = (
				60817E7A2A362F8000B5C3A6 /* SeSACTHON-Watch-Watch-App-Info.plist */,
				7885013E2A2C3B0400932C42 /* SeSACTHON_WatchApp.swift */,
				786DFC3F2A37066C00368AA5 /* WatchLocationManager.swift */,
				7846157D2A2CAA8100C83C89 /* StartView.swift */,
				784615822A2CB8E200C83C89 /* ReportView.swift */,
				784615802A2CB26200C83C89 /* RunningView.swift */,
				784615842A2CB8F700C83C89 /* RunningTimeView.swift */,
				781D10BA2A2CC7BA00107D79 /* RunningEndView.swift */,
				786B244A2A2DA0820048013C /* RunningResultView.swift */,
				786B244C2A2DA4CD0048013C /* watchBackButton.swift */,
				F48F2423302A135894EFE1FE /* Pods */,
				788501442A2C3B0500932C42 /* Preview Content */,
			);
			path = "SeSACTHON_Watch Watch App";
			sourceTree = "<group>";
		};
		788501442A2C3B0500932C42 /* Preview Content */ = {
			isa = PBXGroup;
			children = (
				78F734B42A27284C002AAE1A /* Products */,
				788501452A2C3B0500932C42 /* Preview Assets.xcassets */,
			);
			path = "Preview Content";
			sourceTree = "<group>";
		};
		78C6A4F32A31C935007F9239 /* DAO */ = {
			isa = PBXGroup;
			children = (
				78C6A4EE2A31C913007F9239 /* DangerInfoMO.swift */,
				78C6A4ED2A31C913007F9239 /* MemberMO.swift */,
				78C6A4EB2A31C913007F9239 /* RunningInfo.swift */,
			);
			path = DAO;
			sourceTree = "<group>";
		};
		78F210AE2A2759BE00915FCD /* Font */ = {
			isa = PBXGroup;
			children = (
				7812A9872A29D41F00D20EAF /* SF-Pro-Text-BlackItalic.otf */,
			);
			path = Font;
			sourceTree = "<group>";
		};
		78F734AA2A27284B002AAE1A = {
			isa = PBXGroup;
			children = (
				78F734B52A27284C002AAE1A /* SeSACTHON_App */,
				7885013D2A2C3B0400932C42 /* SeSACTHON_Watch Watch App */,
				3EEF771B45A7D15201C5742E /* Pods */,
				22D1DD01A52F84A62B01E4D6 /* Frameworks */,
			);
			sourceTree = "<group>";
		};
		78F734B42A27284C002AAE1A /* Products */ = {
			isa = PBXGroup;
			children = (
				78F734B32A27284C002AAE1A /* SeSACTHON_App.app */,
				7885013C2A2C3B0400932C42 /* SeSACTHON_Watch Watch App.app */,
			);
			name = Products;
			path = ../..;
			sourceTree = "<group>";
		};
		78F734B52A27284C002AAE1A /* SeSACTHON_App */ = {
			isa = PBXGroup;
			children = (
				60B9B60E2A2D7DFB00032504 /* SeSACTHON_App.entitlements */,
				7821723C2A28732100D981DC /* SeSACTHON-App-Info.plist */,
				78F734B62A27284C002AAE1A /* SeSACTHON_AppApp.swift */,
				78F734CA2A2728C1002AAE1A /* View */,
				78F734C92A2728B4002AAE1A /* Resources */,
				78F734C82A2728A9002AAE1A /* Model */,
				78F734C42A27285F002AAE1A /* Global */,
				78F734BC2A27284C002AAE1A /* Preview Content */,
			);
			path = SeSACTHON_App;
			sourceTree = "<group>";
		};
		78F734BC2A27284C002AAE1A /* Preview Content */ = {
			isa = PBXGroup;
			children = (
				78F734BD2A27284C002AAE1A /* Preview Assets.xcassets */,
			);
			path = "Preview Content";
			sourceTree = "<group>";
		};
		78F734C42A27285F002AAE1A /* Global */ = {
			isa = PBXGroup;
			children = (
				78F734C72A272894002AAE1A /* Modifier */,
				78F734C62A272890002AAE1A /* Extension */,
				78F734C52A27287A002AAE1A /* Components */,
				78123B302A288C9C0060BA4F /* LocationDataManager.swift */,
				60B9B6172A2D81ED00032504 /* Utilities */,
			);
			path = Global;
			sourceTree = "<group>";
		};
		78F734C52A27287A002AAE1A /* Components */ = {
			isa = PBXGroup;
			children = (
				6099D7DB2A3109AA004A49D1 /* MapView.swift */,
				6099D7DC2A3109AA004A49D1 /* WorkoutBar.swift */,
				60E6CE552A29E98300312357 /* CustomCameraView.swift */,
				78D01C9C2A29F8AA00240004 /* RoundedCorner.swift */,
				7805F33A2A2C65EC0071AB01 /* PlaceAnnotationView.swift */,
				7805F33C2A2C66BF0071AB01 /* CustomMapView.swift */,
				7805F33E2A2C67730071AB01 /* TopProfileView.swift */,
				7898F0352A2F102A00B677A2 /* YoutubeView.swift */,
				1068485A2A36E2E100BFB309 /* SpeechBubble.swift */,
			);
			path = Components;
			sourceTree = "<group>";
		};
		78F734C62A272890002AAE1A /* Extension */ = {
			isa = PBXGroup;
			children = (
				6099D7DD2A3109AA004A49D1 /* Extra */,
				6099D7D42A310928004A49D1 /* CLLocation.swift */,
				6099D7D52A310928004A49D1 /* CLLocationCoordinate2D.swift */,
				6099D7D62A310928004A49D1 /* Date.swift */,
				78F210AA2A2758DF00915FCD /* ColorExtension.swift */,
				78F210AC2A27595400915FCD /* FontExtension.swift */,
				78D01C9A2A29F87600240004 /* ViewExtension.swift */,
			);
			path = Extension;
			sourceTree = "<group>";
		};
		78F734C72A272894002AAE1A /* Modifier */ = {
			isa = PBXGroup;
			children = (
				7812A9892A29D5F500D20EAF /* BlueSystemImageLabelStyle.swift */,
				7805F3402A2C6B9D0071AB01 /* MintSystemImageLabelStyle.swift */,
			);
			path = Modifier;
			sourceTree = "<group>";
		};
		78F734C82A2728A9002AAE1A /* Model */ = {
			isa = PBXGroup;
			children = (
				78C6A4F32A31C935007F9239 /* DAO */,
				6099D7CC2A3106AC004A49D1 /* MyMapError.swift */,
				6099D7CB2A3106AC004A49D1 /* WorkoutViewModel.swift */,
				6099D7CA2A3106AC004A49D1 /* Workout.swift */,
				6099D7CD2A3106AC004A49D1 /* WorkoutFilter.swift */,
				6099D7CE2A3106AC004A49D1 /* WorkoutType.swift */,
				60E6CE572A29EA1200312357 /* CameraModel.swift */,
				60E6CE592A29EA6B00312357 /* CameraViewModel.swift */,
				78D01CA22A2A095C00240004 /* CurrentLocationMO.swift */,
				7805F3382A2C65A40071AB01 /* PlaceMO.swift */,
				78DCF7442A3619FA00984866 /* SUImagePicker.swift */,
				4397B2902A36B89B00FB5BCA /* DangerInfoGroup.swift */,
			);
			path = Model;
			sourceTree = "<group>";
		};
		78F734C92A2728B4002AAE1A /* Resources */ = {
			isa = PBXGroup;
			children = (
				78F210AE2A2759BE00915FCD /* Font */,
				78F734BA2A27284C002AAE1A /* Assets.xcassets */,
			);
			path = Resources;
			sourceTree = "<group>";
		};
		78F734CA2A2728C1002AAE1A /* View */ = {
			isa = PBXGroup;
			children = (
				780F9A1E2A28599D00B715BD /* MainMapView.swift */,
				780F9A202A2859A500B715BD /* MainRunView.swift */,
				60E6CE5B2A29EBDE00312357 /* ReportSubmitView.swift */,
				60E6CE5D2A2A4C5C00312357 /* RunEndView.swift */,
				60B9B60F2A2D7F3300032504 /* MainRunningView.swift */,
				789866B52A2DC02A00CA4722 /* HomeView.swift */,
				7898F0392A2F128300B677A2 /* ProfileView.swift */,
				78182A842A30B40E0037B54F /* LoginView.swift */,
				6099D7EB2A3109C8004A49D1 /* RootView.swift */,
			);
			path = View;
			sourceTree = "<group>";
		};
		F48F2423302A135894EFE1FE /* Pods */ = {
			isa = PBXGroup;
			children = (
			);
			path = Pods;
			sourceTree = "<group>";
		};
/* End PBXGroup section */

/* Begin PBXNativeTarget section */
		7885013B2A2C3B0400932C42 /* SeSACTHON_Watch Watch App */ = {
			isa = PBXNativeTarget;
			buildConfigurationList = 7885014A2A2C3B0500932C42 /* Build configuration list for PBXNativeTarget "SeSACTHON_Watch Watch App" */;
			buildPhases = (
				F2A4569561BCAAC8D5F57C5D /* [CP] Check Pods Manifest.lock */,
				788501382A2C3B0400932C42 /* Sources */,
				788501392A2C3B0400932C42 /* Frameworks */,
				7885013A2A2C3B0400932C42 /* Resources */,
				E706C72C395F874EF02AD4B3 /* [CP] Embed Pods Frameworks */,
			);
			buildRules = (
			);
			dependencies = (
			);
			name = "SeSACTHON_Watch Watch App";
			productName = "SeSACTHON_Watch Watch App";
			productReference = 7885013C2A2C3B0400932C42 /* SeSACTHON_Watch Watch App.app */;
			productType = "com.apple.product-type.application";
		};
		78F734B22A27284B002AAE1A /* SeSACTHON_App */ = {
			isa = PBXNativeTarget;
			buildConfigurationList = 78F734C12A27284C002AAE1A /* Build configuration list for PBXNativeTarget "SeSACTHON_App" */;
			buildPhases = (
				E2CA8883819624B5138D3187 /* [CP] Check Pods Manifest.lock */,
				78F734AF2A27284B002AAE1A /* Sources */,
				78F734B02A27284B002AAE1A /* Frameworks */,
				78F734B12A27284B002AAE1A /* Resources */,
				7885014D2A2C3B0500932C42 /* Embed Watch Content */,
				B4A033047E2E02F7E0468A33 /* [CP] Embed Pods Frameworks */,
			);
			buildRules = (
			);
			dependencies = (
				788501482A2C3B0500932C42 /* PBXTargetDependency */,
			);
			name = SeSACTHON_App;
			productName = SeSACTHON_App;
			productReference = 78F734B32A27284C002AAE1A /* SeSACTHON_App.app */;
			productType = "com.apple.product-type.application";
		};
/* End PBXNativeTarget section */

/* Begin PBXProject section */
		78F734AB2A27284B002AAE1A /* Project object */ = {
			isa = PBXProject;
			attributes = {
				BuildIndependentTargetsInParallel = 1;
				LastSwiftUpdateCheck = 1430;
				LastUpgradeCheck = 1430;
				TargetAttributes = {
					7885013B2A2C3B0400932C42 = {
						CreatedOnToolsVersion = 14.3;
					};
					78F734B22A27284B002AAE1A = {
						CreatedOnToolsVersion = 14.3;
					};
				};
			};
			buildConfigurationList = 78F734AE2A27284B002AAE1A /* Build configuration list for PBXProject "SeSACTHON_App" */;
			compatibilityVersion = "Xcode 14.0";
			developmentRegion = en;
			hasScannedForEncodings = 0;
			knownRegions = (
				en,
				Base,
			);
			mainGroup = 78F734AA2A27284B002AAE1A;
			productRefGroup = 78F734B42A27284C002AAE1A /* Products */;
			projectDirPath = "";
			projectRoot = "";
			targets = (
				78F734B22A27284B002AAE1A /* SeSACTHON_App */,
				7885013B2A2C3B0400932C42 /* SeSACTHON_Watch Watch App */,
			);
		};
/* End PBXProject section */

/* Begin PBXResourcesBuildPhase section */
		7885013A2A2C3B0400932C42 /* Resources */ = {
			isa = PBXResourcesBuildPhase;
			buildActionMask = 2147483647;
			files = (
				7885014E2A2C3B4A00932C42 /* SF-Pro-Text-BlackItalic.otf in Resources */,
				786B24492A2D983F0048013C /* Assets.xcassets in Resources */,
				788501462A2C3B0500932C42 /* Preview Assets.xcassets in Resources */,
			);
			runOnlyForDeploymentPostprocessing = 0;
		};
		78F734B12A27284B002AAE1A /* Resources */ = {
			isa = PBXResourcesBuildPhase;
			buildActionMask = 2147483647;
			files = (
				78F734BE2A27284C002AAE1A /* Preview Assets.xcassets in Resources */,
				78F734BB2A27284C002AAE1A /* Assets.xcassets in Resources */,
				7812A9882A29D41F00D20EAF /* SF-Pro-Text-BlackItalic.otf in Resources */,
			);
			runOnlyForDeploymentPostprocessing = 0;
		};
/* End PBXResourcesBuildPhase section */

/* Begin PBXShellScriptBuildPhase section */
		B4A033047E2E02F7E0468A33 /* [CP] Embed Pods Frameworks */ = {
			isa = PBXShellScriptBuildPhase;
			buildActionMask = 2147483647;
			files = (
			);
			inputFileListPaths = (
				"${PODS_ROOT}/Target Support Files/Pods-SeSACTHON_App/Pods-SeSACTHON_App-frameworks-${CONFIGURATION}-input-files.xcfilelist",
			);
			name = "[CP] Embed Pods Frameworks";
			outputFileListPaths = (
				"${PODS_ROOT}/Target Support Files/Pods-SeSACTHON_App/Pods-SeSACTHON_App-frameworks-${CONFIGURATION}-output-files.xcfilelist",
			);
			runOnlyForDeploymentPostprocessing = 0;
			shellPath = /bin/sh;
			shellScript = "\"${PODS_ROOT}/Target Support Files/Pods-SeSACTHON_App/Pods-SeSACTHON_App-frameworks.sh\"\n";
			showEnvVarsInLog = 0;
		};
		E2CA8883819624B5138D3187 /* [CP] Check Pods Manifest.lock */ = {
			isa = PBXShellScriptBuildPhase;
			buildActionMask = 2147483647;
			files = (
			);
			inputFileListPaths = (
			);
			inputPaths = (
				"${PODS_PODFILE_DIR_PATH}/Podfile.lock",
				"${PODS_ROOT}/Manifest.lock",
			);
			name = "[CP] Check Pods Manifest.lock";
			outputFileListPaths = (
			);
			outputPaths = (
				"$(DERIVED_FILE_DIR)/Pods-SeSACTHON_App-checkManifestLockResult.txt",
			);
			runOnlyForDeploymentPostprocessing = 0;
			shellPath = /bin/sh;
			shellScript = "diff \"${PODS_PODFILE_DIR_PATH}/Podfile.lock\" \"${PODS_ROOT}/Manifest.lock\" > /dev/null\nif [ $? != 0 ] ; then\n    # print error to STDERR\n    echo \"error: The sandbox is not in sync with the Podfile.lock. Run 'pod install' or update your CocoaPods installation.\" >&2\n    exit 1\nfi\n# This output is used by Xcode 'outputs' to avoid re-running this script phase.\necho \"SUCCESS\" > \"${SCRIPT_OUTPUT_FILE_0}\"\n";
			showEnvVarsInLog = 0;
		};
		E706C72C395F874EF02AD4B3 /* [CP] Embed Pods Frameworks */ = {
			isa = PBXShellScriptBuildPhase;
			buildActionMask = 2147483647;
			files = (
			);
			inputFileListPaths = (
				"${PODS_ROOT}/Target Support Files/Pods-SeSACTHON_Watch Watch App/Pods-SeSACTHON_Watch Watch App-frameworks-${CONFIGURATION}-input-files.xcfilelist",
			);
			name = "[CP] Embed Pods Frameworks";
			outputFileListPaths = (
				"${PODS_ROOT}/Target Support Files/Pods-SeSACTHON_Watch Watch App/Pods-SeSACTHON_Watch Watch App-frameworks-${CONFIGURATION}-output-files.xcfilelist",
			);
			runOnlyForDeploymentPostprocessing = 0;
			shellPath = /bin/sh;
			shellScript = "\"${PODS_ROOT}/Target Support Files/Pods-SeSACTHON_Watch Watch App/Pods-SeSACTHON_Watch Watch App-frameworks.sh\"\n";
			showEnvVarsInLog = 0;
		};
		F2A4569561BCAAC8D5F57C5D /* [CP] Check Pods Manifest.lock */ = {
			isa = PBXShellScriptBuildPhase;
			buildActionMask = 2147483647;
			files = (
			);
			inputFileListPaths = (
			);
			inputPaths = (
				"${PODS_PODFILE_DIR_PATH}/Podfile.lock",
				"${PODS_ROOT}/Manifest.lock",
			);
			name = "[CP] Check Pods Manifest.lock";
			outputFileListPaths = (
			);
			outputPaths = (
				"$(DERIVED_FILE_DIR)/Pods-SeSACTHON_Watch Watch App-checkManifestLockResult.txt",
			);
			runOnlyForDeploymentPostprocessing = 0;
			shellPath = /bin/sh;
			shellScript = "diff \"${PODS_PODFILE_DIR_PATH}/Podfile.lock\" \"${PODS_ROOT}/Manifest.lock\" > /dev/null\nif [ $? != 0 ] ; then\n    # print error to STDERR\n    echo \"error: The sandbox is not in sync with the Podfile.lock. Run 'pod install' or update your CocoaPods installation.\" >&2\n    exit 1\nfi\n# This output is used by Xcode 'outputs' to avoid re-running this script phase.\necho \"SUCCESS\" > \"${SCRIPT_OUTPUT_FILE_0}\"\n";
			showEnvVarsInLog = 0;
		};
/* End PBXShellScriptBuildPhase section */

/* Begin PBXSourcesBuildPhase section */
		788501382A2C3B0400932C42 /* Sources */ = {
			isa = PBXSourcesBuildPhase;
			buildActionMask = 2147483647;
			files = (
				784615812A2CB26200C83C89 /* RunningView.swift in Sources */,
				7885014F2A2C3B6100932C42 /* FontExtension.swift in Sources */,
				786B244B2A2DA0820048013C /* RunningResultView.swift in Sources */,
				784615852A2CB8F700C83C89 /* RunningTimeView.swift in Sources */,
				786DFC402A37066C00368AA5 /* WatchLocationManager.swift in Sources */,
				7885013F2A2C3B0400932C42 /* SeSACTHON_WatchApp.swift in Sources */,
				784615832A2CB8E200C83C89 /* ReportView.swift in Sources */,
				7846157E2A2CAA8100C83C89 /* StartView.swift in Sources */,
				781D10BB2A2CC7BA00107D79 /* RunningEndView.swift in Sources */,
				786B244D2A2DA4CD0048013C /* watchBackButton.swift in Sources */,
				7846157F2A2CACB500C83C89 /* ColorExtension.swift in Sources */,
			);
			runOnlyForDeploymentPostprocessing = 0;
		};
		78F734AF2A27284B002AAE1A /* Sources */ = {
			isa = PBXSourcesBuildPhase;
			buildActionMask = 2147483647;
			files = (
				78D01CA32A2A095C00240004 /* CurrentLocationMO.swift in Sources */,
				6099D7D22A3106AC004A49D1 /* WorkoutFilter.swift in Sources */,
				7898F0362A2F102A00B677A2 /* YoutubeView.swift in Sources */,
				6099D7C92A310623004A49D1 /* HKHelper.swift in Sources */,
				6099D7CF2A3106AC004A49D1 /* Workout.swift in Sources */,
				7805F33D2A2C66BF0071AB01 /* CustomMapView.swift in Sources */,
				78C6A4F22A31C913007F9239 /* DangerInfoMO.swift in Sources */,
				7805F3392A2C65A40071AB01 /* PlaceMO.swift in Sources */,
				60E6CE5C2A29EBDE00312357 /* ReportSubmitView.swift in Sources */,
				6099D7E72A3109AA004A49D1 /* InfoView.swift in Sources */,
				6099D7E42A3109AA004A49D1 /* MapView.swift in Sources */,
				780F9A1F2A28599D00B715BD /* MainMapView.swift in Sources */,
				78C6A4F12A31C913007F9239 /* MemberMO.swift in Sources */,
				789866B62A2DC02A00CA4722 /* HomeView.swift in Sources */,
				7812A98A2A29D5F500D20EAF /* BlueSystemImageLabelStyle.swift in Sources */,
				78F210AD2A27595400915FCD /* FontExtension.swift in Sources */,
				60B9B6102A2D7F3300032504 /* MainRunningView.swift in Sources */,
				6099D7C82A310623004A49D1 /* Haptics.swift in Sources */,
				6099D7E52A3109AA004A49D1 /* WorkoutBar.swift in Sources */,
				6099D7D12A3106AC004A49D1 /* MyMapError.swift in Sources */,
				6099D7D82A310928004A49D1 /* CLLocationCoordinate2D.swift in Sources */,
				6099D7D92A310928004A49D1 /* Date.swift in Sources */,
				78DCF7452A3619FA00984866 /* SUImagePicker.swift in Sources */,
				60E6CE582A29EA1200312357 /* CameraModel.swift in Sources */,
				7805F3412A2C6B9D0071AB01 /* MintSystemImageLabelStyle.swift in Sources */,
				7898F03A2A2F128300B677A2 /* ProfileView.swift in Sources */,
				60E6CE562A29E98300312357 /* CustomCameraView.swift in Sources */,
				60E6CE5E2A2A4C5C00312357 /* RunEndView.swift in Sources */,
				78D01C9D2A29F8AA00240004 /* RoundedCorner.swift in Sources */,
				6099D7EA2A3109AA004A49D1 /* Blur.swift in Sources */,
				6099D7E62A3109AA004A49D1 /* View.swift in Sources */,
				78123B312A288C9C0060BA4F /* LocationDataManager.swift in Sources */,
				6099D7E82A3109AA004A49D1 /* RunListView.swift in Sources */,
				6099D7D32A3106AC004A49D1 /* WorkoutType.swift in Sources */,
				6099D7EC2A3109C8004A49D1 /* RootView.swift in Sources */,
				1068485B2A36E2E100BFB309 /* SpeechBubble.swift in Sources */,
				78D01C9B2A29F87600240004 /* ViewExtension.swift in Sources */,
				6099D7D72A310928004A49D1 /* CLLocation.swift in Sources */,
				6099D7E92A3109AA004A49D1 /* PermissionView.swift in Sources */,
				6099D7D02A3106AC004A49D1 /* WorkoutViewModel.swift in Sources */,
				7805F33F2A2C67730071AB01 /* TopProfileView.swift in Sources */,
				78C6A4EF2A31C913007F9239 /* RunningInfo.swift in Sources */,
				7805F33B2A2C65EC0071AB01 /* PlaceAnnotationView.swift in Sources */,
				78182A852A30B40E0037B54F /* LoginView.swift in Sources */,
				4397B2912A36B89B00FB5BCA /* DangerInfoGroup.swift in Sources */,
				780F9A212A2859A500B715BD /* MainRunView.swift in Sources */,
				78F734B72A27284C002AAE1A /* SeSACTHON_AppApp.swift in Sources */,
				78F210AB2A2758DF00915FCD /* ColorExtension.swift in Sources */,
				60E6CE5A2A29EA6B00312357 /* CameraViewModel.swift in Sources */,
			);
			runOnlyForDeploymentPostprocessing = 0;
		};
/* End PBXSourcesBuildPhase section */

/* Begin PBXTargetDependency section */
		788501482A2C3B0500932C42 /* PBXTargetDependency */ = {
			isa = PBXTargetDependency;
			target = 7885013B2A2C3B0400932C42 /* SeSACTHON_Watch Watch App */;
			targetProxy = 788501472A2C3B0500932C42 /* PBXContainerItemProxy */;
		};
/* End PBXTargetDependency section */

/* Begin XCBuildConfiguration section */
		7885014B2A2C3B0500932C42 /* Debug */ = {
			isa = XCBuildConfiguration;
			baseConfigurationReference = D5FB6E6FE3AC4E17C328CDD4 /* Pods-SeSACTHON_Watch Watch App.debug.xcconfig */;
			buildSettings = {
				ASSETCATALOG_COMPILER_APPICON_NAME = AppIcon;
				ASSETCATALOG_COMPILER_GLOBAL_ACCENT_COLOR_NAME = AccentColor;
				CODE_SIGN_STYLE = Automatic;
				CURRENT_PROJECT_VERSION = 1;
				DEVELOPMENT_ASSET_PATHS = "\"SeSACTHON_Watch Watch App/Preview Content\"";
				DEVELOPMENT_TEAM = JMM62MZQM5;
				ENABLE_PREVIEWS = YES;
				GENERATE_INFOPLIST_FILE = YES;
				INFOPLIST_FILE = "SeSACTHON-Watch-Watch-App-Info.plist";
				INFOPLIST_KEY_CFBundleDisplayName = SeSACTHON_Watch;
				INFOPLIST_KEY_LSApplicationCategoryType = "";
				INFOPLIST_KEY_NSLocationAlwaysAndWhenInUseUsageDescription = "";
				INFOPLIST_KEY_NSLocationAlwaysUsageDescription = "";
				INFOPLIST_KEY_NSLocationUsageDescription = "";
				INFOPLIST_KEY_NSLocationWhenInUseUsageDescription = "";
				INFOPLIST_KEY_UISupportedInterfaceOrientations = "UIInterfaceOrientationPortrait UIInterfaceOrientationPortraitUpsideDown";
				INFOPLIST_KEY_WKCompanionAppBundleIdentifier = "dayjack.SeSACTHON-App3";
				LD_RUNPATH_SEARCH_PATHS = (
					"$(inherited)",
					"@executable_path/Frameworks",
				);
				MARKETING_VERSION = 1.0;
				PRODUCT_BUNDLE_IDENTIFIER = "dayjack.SeSACTHON-App3.watchkitapp";
				PRODUCT_NAME = "$(TARGET_NAME)";
				SDKROOT = watchos;
				SKIP_INSTALL = YES;
				SWIFT_EMIT_LOC_STRINGS = YES;
				SWIFT_VERSION = 5.0;
				TARGETED_DEVICE_FAMILY = 4;
				WATCHOS_DEPLOYMENT_TARGET = 9.4;
			};
			name = Debug;
		};
		7885014C2A2C3B0500932C42 /* Release */ = {
			isa = XCBuildConfiguration;
			baseConfigurationReference = 7F861B500E1B1ABF71F84B41 /* Pods-SeSACTHON_Watch Watch App.release.xcconfig */;
			buildSettings = {
				ASSETCATALOG_COMPILER_APPICON_NAME = AppIcon;
				ASSETCATALOG_COMPILER_GLOBAL_ACCENT_COLOR_NAME = AccentColor;
				CODE_SIGN_STYLE = Automatic;
				CURRENT_PROJECT_VERSION = 1;
				DEVELOPMENT_ASSET_PATHS = "\"SeSACTHON_Watch Watch App/Preview Content\"";
				DEVELOPMENT_TEAM = JMM62MZQM5;
				ENABLE_PREVIEWS = YES;
				GENERATE_INFOPLIST_FILE = YES;
				INFOPLIST_FILE = "SeSACTHON-Watch-Watch-App-Info.plist";
				INFOPLIST_KEY_CFBundleDisplayName = SeSACTHON_Watch;
				INFOPLIST_KEY_LSApplicationCategoryType = "";
				INFOPLIST_KEY_NSLocationAlwaysAndWhenInUseUsageDescription = "";
				INFOPLIST_KEY_NSLocationAlwaysUsageDescription = "";
				INFOPLIST_KEY_NSLocationUsageDescription = "";
				INFOPLIST_KEY_NSLocationWhenInUseUsageDescription = "";
				INFOPLIST_KEY_UISupportedInterfaceOrientations = "UIInterfaceOrientationPortrait UIInterfaceOrientationPortraitUpsideDown";
				INFOPLIST_KEY_WKCompanionAppBundleIdentifier = "dayjack.SeSACTHON-App3";
				LD_RUNPATH_SEARCH_PATHS = (
					"$(inherited)",
					"@executable_path/Frameworks",
				);
				MARKETING_VERSION = 1.0;
				PRODUCT_BUNDLE_IDENTIFIER = "dayjack.SeSACTHON-App3.watchkitapp";
				PRODUCT_NAME = "$(TARGET_NAME)";
				SDKROOT = watchos;
				SKIP_INSTALL = YES;
				SWIFT_EMIT_LOC_STRINGS = YES;
				SWIFT_VERSION = 5.0;
				TARGETED_DEVICE_FAMILY = 4;
				WATCHOS_DEPLOYMENT_TARGET = 9.4;
			};
			name = Release;
		};
		78F734BF2A27284C002AAE1A /* Debug */ = {
			isa = XCBuildConfiguration;
			buildSettings = {
				ALWAYS_SEARCH_USER_PATHS = NO;
				CLANG_ANALYZER_NONNULL = YES;
				CLANG_ANALYZER_NUMBER_OBJECT_CONVERSION = YES_AGGRESSIVE;
				CLANG_CXX_LANGUAGE_STANDARD = "gnu++20";
				CLANG_ENABLE_MODULES = YES;
				CLANG_ENABLE_OBJC_ARC = YES;
				CLANG_ENABLE_OBJC_WEAK = YES;
				CLANG_WARN_BLOCK_CAPTURE_AUTORELEASING = YES;
				CLANG_WARN_BOOL_CONVERSION = YES;
				CLANG_WARN_COMMA = YES;
				CLANG_WARN_CONSTANT_CONVERSION = YES;
				CLANG_WARN_DEPRECATED_OBJC_IMPLEMENTATIONS = YES;
				CLANG_WARN_DIRECT_OBJC_ISA_USAGE = YES_ERROR;
				CLANG_WARN_DOCUMENTATION_COMMENTS = YES;
				CLANG_WARN_EMPTY_BODY = YES;
				CLANG_WARN_ENUM_CONVERSION = YES;
				CLANG_WARN_INFINITE_RECURSION = YES;
				CLANG_WARN_INT_CONVERSION = YES;
				CLANG_WARN_NON_LITERAL_NULL_CONVERSION = YES;
				CLANG_WARN_OBJC_IMPLICIT_RETAIN_SELF = YES;
				CLANG_WARN_OBJC_LITERAL_CONVERSION = YES;
				CLANG_WARN_OBJC_ROOT_CLASS = YES_ERROR;
				CLANG_WARN_QUOTED_INCLUDE_IN_FRAMEWORK_HEADER = YES;
				CLANG_WARN_RANGE_LOOP_ANALYSIS = YES;
				CLANG_WARN_STRICT_PROTOTYPES = YES;
				CLANG_WARN_SUSPICIOUS_MOVE = YES;
				CLANG_WARN_UNGUARDED_AVAILABILITY = YES_AGGRESSIVE;
				CLANG_WARN_UNREACHABLE_CODE = YES;
				CLANG_WARN__DUPLICATE_METHOD_MATCH = YES;
				COPY_PHASE_STRIP = NO;
				DEBUG_INFORMATION_FORMAT = dwarf;
				ENABLE_STRICT_OBJC_MSGSEND = YES;
				ENABLE_TESTABILITY = YES;
				GCC_C_LANGUAGE_STANDARD = gnu11;
				GCC_DYNAMIC_NO_PIC = NO;
				GCC_NO_COMMON_BLOCKS = YES;
				GCC_OPTIMIZATION_LEVEL = 0;
				GCC_PREPROCESSOR_DEFINITIONS = (
					"DEBUG=1",
					"$(inherited)",
				);
				GCC_WARN_64_TO_32_BIT_CONVERSION = YES;
				GCC_WARN_ABOUT_RETURN_TYPE = YES_ERROR;
				GCC_WARN_UNDECLARED_SELECTOR = YES;
				GCC_WARN_UNINITIALIZED_AUTOS = YES_AGGRESSIVE;
				GCC_WARN_UNUSED_FUNCTION = YES;
				GCC_WARN_UNUSED_VARIABLE = YES;
				IPHONEOS_DEPLOYMENT_TARGET = 16.4;
				MTL_ENABLE_DEBUG_INFO = INCLUDE_SOURCE;
				MTL_FAST_MATH = YES;
				ONLY_ACTIVE_ARCH = YES;
				SDKROOT = iphoneos;
				SWIFT_ACTIVE_COMPILATION_CONDITIONS = DEBUG;
				SWIFT_OPTIMIZATION_LEVEL = "-Onone";
			};
			name = Debug;
		};
		78F734C02A27284C002AAE1A /* Release */ = {
			isa = XCBuildConfiguration;
			buildSettings = {
				ALWAYS_SEARCH_USER_PATHS = NO;
				CLANG_ANALYZER_NONNULL = YES;
				CLANG_ANALYZER_NUMBER_OBJECT_CONVERSION = YES_AGGRESSIVE;
				CLANG_CXX_LANGUAGE_STANDARD = "gnu++20";
				CLANG_ENABLE_MODULES = YES;
				CLANG_ENABLE_OBJC_ARC = YES;
				CLANG_ENABLE_OBJC_WEAK = YES;
				CLANG_WARN_BLOCK_CAPTURE_AUTORELEASING = YES;
				CLANG_WARN_BOOL_CONVERSION = YES;
				CLANG_WARN_COMMA = YES;
				CLANG_WARN_CONSTANT_CONVERSION = YES;
				CLANG_WARN_DEPRECATED_OBJC_IMPLEMENTATIONS = YES;
				CLANG_WARN_DIRECT_OBJC_ISA_USAGE = YES_ERROR;
				CLANG_WARN_DOCUMENTATION_COMMENTS = YES;
				CLANG_WARN_EMPTY_BODY = YES;
				CLANG_WARN_ENUM_CONVERSION = YES;
				CLANG_WARN_INFINITE_RECURSION = YES;
				CLANG_WARN_INT_CONVERSION = YES;
				CLANG_WARN_NON_LITERAL_NULL_CONVERSION = YES;
				CLANG_WARN_OBJC_IMPLICIT_RETAIN_SELF = YES;
				CLANG_WARN_OBJC_LITERAL_CONVERSION = YES;
				CLANG_WARN_OBJC_ROOT_CLASS = YES_ERROR;
				CLANG_WARN_QUOTED_INCLUDE_IN_FRAMEWORK_HEADER = YES;
				CLANG_WARN_RANGE_LOOP_ANALYSIS = YES;
				CLANG_WARN_STRICT_PROTOTYPES = YES;
				CLANG_WARN_SUSPICIOUS_MOVE = YES;
				CLANG_WARN_UNGUARDED_AVAILABILITY = YES_AGGRESSIVE;
				CLANG_WARN_UNREACHABLE_CODE = YES;
				CLANG_WARN__DUPLICATE_METHOD_MATCH = YES;
				COPY_PHASE_STRIP = NO;
				DEBUG_INFORMATION_FORMAT = "dwarf-with-dsym";
				ENABLE_NS_ASSERTIONS = NO;
				ENABLE_STRICT_OBJC_MSGSEND = YES;
				GCC_C_LANGUAGE_STANDARD = gnu11;
				GCC_NO_COMMON_BLOCKS = YES;
				GCC_WARN_64_TO_32_BIT_CONVERSION = YES;
				GCC_WARN_ABOUT_RETURN_TYPE = YES_ERROR;
				GCC_WARN_UNDECLARED_SELECTOR = YES;
				GCC_WARN_UNINITIALIZED_AUTOS = YES_AGGRESSIVE;
				GCC_WARN_UNUSED_FUNCTION = YES;
				GCC_WARN_UNUSED_VARIABLE = YES;
				IPHONEOS_DEPLOYMENT_TARGET = 16.4;
				MTL_ENABLE_DEBUG_INFO = NO;
				MTL_FAST_MATH = YES;
				SDKROOT = iphoneos;
				SWIFT_COMPILATION_MODE = wholemodule;
				SWIFT_OPTIMIZATION_LEVEL = "-O";
				VALIDATE_PRODUCT = YES;
			};
			name = Release;
		};
		78F734C22A27284C002AAE1A /* Debug */ = {
			isa = XCBuildConfiguration;
			baseConfigurationReference = 72F2550A3061B07BBD30FBFD /* Pods-SeSACTHON_App.debug.xcconfig */;
			buildSettings = {
				ALWAYS_EMBED_SWIFT_STANDARD_LIBRARIES = YES;
				ASSETCATALOG_COMPILER_APPICON_NAME = AppIcon;
				ASSETCATALOG_COMPILER_GLOBAL_ACCENT_COLOR_NAME = AccentColor;
				CODE_SIGN_ENTITLEMENTS = SeSACTHON_App/SeSACTHON_App.entitlements;
				CODE_SIGN_STYLE = Automatic;
				CURRENT_PROJECT_VERSION = 1;
				DEVELOPMENT_ASSET_PATHS = "\"SeSACTHON_App/Preview Content\"";
				DEVELOPMENT_TEAM = JMM62MZQM5;
				ENABLE_PREVIEWS = YES;
				GENERATE_INFOPLIST_FILE = YES;
				INFOPLIST_FILE = "SeSACTHON-App-Info.plist";
				INFOPLIST_KEY_CFBundleDisplayName = "";
				INFOPLIST_KEY_LSApplicationCategoryType = "";
				INFOPLIST_KEY_NSCameraUsageDescription = "앱 사용을 위해 승인해주세요";
				INFOPLIST_KEY_NSHealthClinicalHealthRecordsShareUsageDescription = "앱 사용을 위해 승인해주세요";
				INFOPLIST_KEY_NSHealthShareUsageDescription = "앱 사용을 위해 승인해주세요";
				INFOPLIST_KEY_NSHealthUpdateUsageDescription = "앱 사용을 위해 승인해주세요";
				INFOPLIST_KEY_NSLocationAlwaysAndWhenInUseUsageDescription = "";
				INFOPLIST_KEY_NSLocationAlwaysUsageDescription = "";
				INFOPLIST_KEY_NSLocationUsageDescription = dd;
				INFOPLIST_KEY_NSLocationWhenInUseUsageDescription = "";
				INFOPLIST_KEY_NSMotionUsageDescription = "앱 사용을 위해 승인해주세요";
				INFOPLIST_KEY_NSPhotoLibraryAddUsageDescription = "";
				INFOPLIST_KEY_NSPhotoLibraryUsageDescription = "";
				INFOPLIST_KEY_UIApplicationSceneManifest_Generation = YES;
				INFOPLIST_KEY_UIApplicationSupportsIndirectInputEvents = YES;
				INFOPLIST_KEY_UIStatusBarStyle = UIStatusBarStyleLightContent;
				INFOPLIST_KEY_UISupportedInterfaceOrientations = UIInterfaceOrientationPortrait;
				IPHONEOS_DEPLOYMENT_TARGET = 16.0;
				LD_RUNPATH_SEARCH_PATHS = (
					"$(inherited)",
					"@executable_path/Frameworks",
				);
				MARKETING_VERSION = 1.0;
				PRODUCT_BUNDLE_IDENTIFIER = "dayjack.SeSACTHON-App3";
				PRODUCT_NAME = "$(TARGET_NAME)";
				SWIFT_EMIT_LOC_STRINGS = YES;
				SWIFT_VERSION = 5.0;
				TARGETED_DEVICE_FAMILY = "1,2";
			};
			name = Debug;
		};
		78F734C32A27284C002AAE1A /* Release */ = {
			isa = XCBuildConfiguration;
			baseConfigurationReference = 434AFC65124216A26E8B86EB /* Pods-SeSACTHON_App.release.xcconfig */;
			buildSettings = {
				ALWAYS_EMBED_SWIFT_STANDARD_LIBRARIES = YES;
				ASSETCATALOG_COMPILER_APPICON_NAME = AppIcon;
				ASSETCATALOG_COMPILER_GLOBAL_ACCENT_COLOR_NAME = AccentColor;
				CODE_SIGN_ENTITLEMENTS = SeSACTHON_App/SeSACTHON_App.entitlements;
				CODE_SIGN_STYLE = Automatic;
				CURRENT_PROJECT_VERSION = 1;
				DEVELOPMENT_ASSET_PATHS = "\"SeSACTHON_App/Preview Content\"";
				DEVELOPMENT_TEAM = JMM62MZQM5;
				ENABLE_PREVIEWS = YES;
				GENERATE_INFOPLIST_FILE = YES;
				INFOPLIST_FILE = "SeSACTHON-App-Info.plist";
				INFOPLIST_KEY_CFBundleDisplayName = "";
				INFOPLIST_KEY_LSApplicationCategoryType = "";
				INFOPLIST_KEY_NSCameraUsageDescription = "앱 사용을 위해 승인해주세요";
				INFOPLIST_KEY_NSHealthClinicalHealthRecordsShareUsageDescription = "앱 사용을 위해 승인해주세요";
				INFOPLIST_KEY_NSHealthShareUsageDescription = "앱 사용을 위해 승인해주세요";
				INFOPLIST_KEY_NSHealthUpdateUsageDescription = "앱 사용을 위해 승인해주세요";
				INFOPLIST_KEY_NSLocationAlwaysAndWhenInUseUsageDescription = "";
				INFOPLIST_KEY_NSLocationAlwaysUsageDescription = "";
				INFOPLIST_KEY_NSLocationUsageDescription = dd;
				INFOPLIST_KEY_NSLocationWhenInUseUsageDescription = "";
				INFOPLIST_KEY_NSMotionUsageDescription = "앱 사용을 위해 승인해주세요";
				INFOPLIST_KEY_NSPhotoLibraryAddUsageDescription = "";
				INFOPLIST_KEY_NSPhotoLibraryUsageDescription = "";
				INFOPLIST_KEY_UIApplicationSceneManifest_Generation = YES;
				INFOPLIST_KEY_UIApplicationSupportsIndirectInputEvents = YES;
				INFOPLIST_KEY_UIStatusBarStyle = UIStatusBarStyleLightContent;
				INFOPLIST_KEY_UISupportedInterfaceOrientations = UIInterfaceOrientationPortrait;
				IPHONEOS_DEPLOYMENT_TARGET = 16.0;
				LD_RUNPATH_SEARCH_PATHS = (
					"$(inherited)",
					"@executable_path/Frameworks",
				);
				MARKETING_VERSION = 1.0;
				PRODUCT_BUNDLE_IDENTIFIER = "dayjack.SeSACTHON-App3";
				PRODUCT_NAME = "$(TARGET_NAME)";
				SWIFT_EMIT_LOC_STRINGS = YES;
				SWIFT_VERSION = 5.0;
				TARGETED_DEVICE_FAMILY = "1,2";
			};
			name = Release;
		};
/* End XCBuildConfiguration section */

/* Begin XCConfigurationList section */
		7885014A2A2C3B0500932C42 /* Build configuration list for PBXNativeTarget "SeSACTHON_Watch Watch App" */ = {
			isa = XCConfigurationList;
			buildConfigurations = (
				7885014B2A2C3B0500932C42 /* Debug */,
				7885014C2A2C3B0500932C42 /* Release */,
			);
			defaultConfigurationIsVisible = 0;
			defaultConfigurationName = Release;
		};
		78F734AE2A27284B002AAE1A /* Build configuration list for PBXProject "SeSACTHON_App" */ = {
			isa = XCConfigurationList;
			buildConfigurations = (
				78F734BF2A27284C002AAE1A /* Debug */,
				78F734C02A27284C002AAE1A /* Release */,
			);
			defaultConfigurationIsVisible = 0;
			defaultConfigurationName = Release;
		};
		78F734C12A27284C002AAE1A /* Build configuration list for PBXNativeTarget "SeSACTHON_App" */ = {
			isa = XCConfigurationList;
			buildConfigurations = (
				78F734C22A27284C002AAE1A /* Debug */,
				78F734C32A27284C002AAE1A /* Release */,
			);
			defaultConfigurationIsVisible = 0;
			defaultConfigurationName = Release;
		};
/* End XCConfigurationList section */
	};
	rootObject = 78F734AB2A27284B002AAE1A /* Project object */;
}
