PODS:
  - Alamofire (5.7.1)
  - Kingfisher (7.7.0)

DEPENDENCIES:
  - Alamofire
  - Kingfisher (~> 7.0)

SPEC REPOS:
  trunk:
    - Alamofire
    - Kingfisher

SPEC CHECKSUMS:
  Alamofire: 0123a34370cb170936ae79a8df46cc62b2edeb88
  Kingfisher: f043ac666dfc96c1f37604f93effb45a7ee3a3e1

PODFILE CHECKSUM: 642d340b5a840ea1bde3d753d3056d466294e4fb

COCOAPODS: 1.12.1
